
Microsoft Visual Studio Solution File, Format Version 12.00
# Visual Studio Version 17
VisualStudioVersion = 17.13.35913.81 d17.13
MinimumVisualStudioVersion = 10.0.40219.1
Project("{FAE04EC0-301F-11D3-BF4B-00C04F79EFBC}") = "Algoritmo3", "ExercicioEntradaDados\Algoritmo3.csproj", "{FD39F7D3-AD6B-4886-900F-78567F30795E}"
EndProject
Global
	GlobalSection(SolutionConfigurationPlatforms) = preSolution
		Debug|Any CPU = Debug|Any CPU
		Release|Any CPU = Release|Any CPU
	EndGlobalSection
	GlobalSection(ProjectConfigurationPlatforms) = postSolution
		{FD39F7D3-AD6B-4886-900F-78567F30795E}.Debug|Any CPU.ActiveCfg = Debug|Any CPU
		{FD39F7D3-AD6B-4886-900F-78567F30795E}.Debug|Any CPU.Build.0 = Debug|Any CPU
		{FD39F7D3-AD6B-4886-900F-78567F30795E}.Release|Any CPU.ActiveCfg = Release|Any CPU
		{FD39F7D3-AD6B-4886-900F-78567F30795E}.Release|Any CPU.Build.0 = Release|Any CPU
	EndGlobalSection
	GlobalSection(SolutionProperties) = preSolution
		HideSolutionNode = FALSE
	EndGlobalSection
	GlobalSection(ExtensibilityGlobals) = postSolution
		SolutionGuid = {82816F95-9678-488A-A07A-497162B28317}
	EndGlobalSection
EndGlobal
